// !$*UTF8*$!
{
	archiveVersion = 1;
	classes = {
	};
	objectVersion = 55;
	objects = {

/* Begin PBXBuildFile section */
		3A16304A27E0DD2A00AC6CC8 /* CityCoordinator.swift in Sources */ = {isa = PBXBuildFile; fileRef = 3A16304927E0DD2A00AC6CC8 /* CityCoordinator.swift */; };
		3A16305427E13FEA00AC6CC8 /* StorageManager.swift in Sources */ = {isa = PBXBuildFile; fileRef = 3A16305327E13FEA00AC6CC8 /* StorageManager.swift */; };
		3A16305627E1549600AC6CC8 /* TemperatureUnit.swift in Sources */ = {isa = PBXBuildFile; fileRef = 3A16305527E1549600AC6CC8 /* TemperatureUnit.swift */; };
		3A16305827E1709600AC6CC8 /* WeatherCell.swift in Sources */ = {isa = PBXBuildFile; fileRef = 3A16305727E1709600AC6CC8 /* WeatherCell.swift */; };
		3A16305A27E1815A00AC6CC8 /* CurrentWeather.swift in Sources */ = {isa = PBXBuildFile; fileRef = 3A16305927E1815A00AC6CC8 /* CurrentWeather.swift */; };
		3A90217527DCC2950076C0B1 /* Constants.swift in Sources */ = {isa = PBXBuildFile; fileRef = 3A90217427DCC2950076C0B1 /* Constants.swift */; };
		3A90217727DCC2A90076C0B1 /* WeatherData.swift in Sources */ = {isa = PBXBuildFile; fileRef = 3A90217627DCC2A90076C0B1 /* WeatherData.swift */; };
		3A90217927DCCDCF0076C0B1 /* DetailViewController.swift in Sources */ = {isa = PBXBuildFile; fileRef = 3A90217827DCCDCF0076C0B1 /* DetailViewController.swift */; };
		3A90217B27DD108C0076C0B1 /* WeatherCellViewModel.swift in Sources */ = {isa = PBXBuildFile; fileRef = 3A90217A27DD108C0076C0B1 /* WeatherCellViewModel.swift */; };
		3A90217D27DD1CDD0076C0B1 /* WeatherViewModel.swift in Sources */ = {isa = PBXBuildFile; fileRef = 3A90217C27DD1CDC0076C0B1 /* WeatherViewModel.swift */; };
		3A90218127DD29B50076C0B1 /* Coordinator.swift in Sources */ = {isa = PBXBuildFile; fileRef = 3A90218027DD29B50076C0B1 /* Coordinator.swift */; };
		3A90218327DD2A300076C0B1 /* AppCoordinator.swift in Sources */ = {isa = PBXBuildFile; fileRef = 3A90218227DD2A300076C0B1 /* AppCoordinator.swift */; };
		3A90218627DD2AF00076C0B1 /* Storyboardable.swift in Sources */ = {isa = PBXBuildFile; fileRef = 3A90218527DD2AF00076C0B1 /* Storyboardable.swift */; };
		3AAB6E5327D94B4D00AFDF48 /* AppDelegate.swift in Sources */ = {isa = PBXBuildFile; fileRef = 3AAB6E5227D94B4D00AFDF48 /* AppDelegate.swift */; };
		3AAB6E5727D94B4D00AFDF48 /* CityListViewController.swift in Sources */ = {isa = PBXBuildFile; fileRef = 3AAB6E5627D94B4D00AFDF48 /* CityListViewController.swift */; };
		3AAB6E5A27D94B4D00AFDF48 /* Main.storyboard in Resources */ = {isa = PBXBuildFile; fileRef = 3AAB6E5827D94B4D00AFDF48 /* Main.storyboard */; };
		3AAB6E5C27D94B5000AFDF48 /* Assets.xcassets in Resources */ = {isa = PBXBuildFile; fileRef = 3AAB6E5B27D94B5000AFDF48 /* Assets.xcassets */; };
		3AAB6E5F27D94B5000AFDF48 /* LaunchScreen.storyboard in Resources */ = {isa = PBXBuildFile; fileRef = 3AAB6E5D27D94B5000AFDF48 /* LaunchScreen.storyboard */; };
		3AAB6E6D27D9548000AFDF48 /* CityListViewModel.swift in Sources */ = {isa = PBXBuildFile; fileRef = 3AAB6E6C27D9548000AFDF48 /* CityListViewModel.swift */; };
		3AAB6E7927DA310500AFDF48 /* City.swift in Sources */ = {isa = PBXBuildFile; fileRef = 3AAB6E7827DA310500AFDF48 /* City.swift */; };
		3AAB6E7B27DA324100AFDF48 /* CityManager.swift in Sources */ = {isa = PBXBuildFile; fileRef = 3AAB6E7A27DA324100AFDF48 /* CityManager.swift */; };
		3AAB6E7F27DA444800AFDF48 /* ErrorManager.swift in Sources */ = {isa = PBXBuildFile; fileRef = 3AAB6E7E27DA444800AFDF48 /* ErrorManager.swift */; };
		3AAB6E8127DA48E100AFDF48 /* URLSession + Extension.swift in Sources */ = {isa = PBXBuildFile; fileRef = 3AAB6E8027DA48E100AFDF48 /* URLSession + Extension.swift */; };
		3AAB6E8327DA4CB100AFDF48 /* Box.swift in Sources */ = {isa = PBXBuildFile; fileRef = 3AAB6E8227DA4CB100AFDF48 /* Box.swift */; };
		3AAB6E8527DA78D300AFDF48 /* WeatherManager.swift in Sources */ = {isa = PBXBuildFile; fileRef = 3AAB6E8427DA78D300AFDF48 /* WeatherManager.swift */; };
		3AAB6E8727DA7A2000AFDF48 /* CityCell.swift in Sources */ = {isa = PBXBuildFile; fileRef = 3AAB6E8627DA7A2000AFDF48 /* CityCell.swift */; };
		3AAB6E8927DA84A600AFDF48 /* cityList.json in Resources */ = {isa = PBXBuildFile; fileRef = 3AAB6E8827DA84A500AFDF48 /* cityList.json */; };
		3AAB6E8B27DBAEC200AFDF48 /* CityCellViewModel.swift in Sources */ = {isa = PBXBuildFile; fileRef = 3AAB6E8A27DBAEC200AFDF48 /* CityCellViewModel.swift */; };
		3AAB6E8D27DBF62B00AFDF48 /* SearchPlaceholder.swift in Sources */ = {isa = PBXBuildFile; fileRef = 3AAB6E8C27DBF62B00AFDF48 /* SearchPlaceholder.swift */; };
		3AF2CC9D27DE7C8A006120CE /* DetailCoordinator.swift in Sources */ = {isa = PBXBuildFile; fileRef = 3AF2CC9C27DE7C8A006120CE /* DetailCoordinator.swift */; };
/* End PBXBuildFile section */

/* Begin PBXFileReference section */
		3A16304927E0DD2A00AC6CC8 /* CityCoordinator.swift */ = {isa = PBXFileReference; lastKnownFileType = sourcecode.swift; path = CityCoordinator.swift; sourceTree = "<group>"; };
		3A16305327E13FEA00AC6CC8 /* StorageManager.swift */ = {isa = PBXFileReference; lastKnownFileType = sourcecode.swift; path = StorageManager.swift; sourceTree = "<group>"; };
		3A16305527E1549600AC6CC8 /* TemperatureUnit.swift */ = {isa = PBXFileReference; lastKnownFileType = sourcecode.swift; path = TemperatureUnit.swift; sourceTree = "<group>"; };
		3A16305727E1709600AC6CC8 /* WeatherCell.swift */ = {isa = PBXFileReference; lastKnownFileType = sourcecode.swift; path = WeatherCell.swift; sourceTree = "<group>"; };
		3A16305927E1815A00AC6CC8 /* CurrentWeather.swift */ = {isa = PBXFileReference; lastKnownFileType = sourcecode.swift; path = CurrentWeather.swift; sourceTree = "<group>"; };
		3A90217427DCC2950076C0B1 /* Constants.swift */ = {isa = PBXFileReference; lastKnownFileType = sourcecode.swift; path = Constants.swift; sourceTree = "<group>"; };
		3A90217627DCC2A90076C0B1 /* WeatherData.swift */ = {isa = PBXFileReference; lastKnownFileType = sourcecode.swift; path = WeatherData.swift; sourceTree = "<group>"; };
		3A90217827DCCDCF0076C0B1 /* DetailViewController.swift */ = {isa = PBXFileReference; lastKnownFileType = sourcecode.swift; path = DetailViewController.swift; sourceTree = "<group>"; };
		3A90217A27DD108C0076C0B1 /* WeatherCellViewModel.swift */ = {isa = PBXFileReference; lastKnownFileType = sourcecode.swift; path = WeatherCellViewModel.swift; sourceTree = "<group>"; };
		3A90217C27DD1CDC0076C0B1 /* WeatherViewModel.swift */ = {isa = PBXFileReference; lastKnownFileType = sourcecode.swift; path = WeatherViewModel.swift; sourceTree = "<group>"; };
		3A90218027DD29B50076C0B1 /* Coordinator.swift */ = {isa = PBXFileReference; lastKnownFileType = sourcecode.swift; path = Coordinator.swift; sourceTree = "<group>"; };
		3A90218227DD2A300076C0B1 /* AppCoordinator.swift */ = {isa = PBXFileReference; lastKnownFileType = sourcecode.swift; path = AppCoordinator.swift; sourceTree = "<group>"; };
		3A90218527DD2AF00076C0B1 /* Storyboardable.swift */ = {isa = PBXFileReference; lastKnownFileType = sourcecode.swift; path = Storyboardable.swift; sourceTree = "<group>"; };
		3AAB6E4F27D94B4D00AFDF48 /* Weather.app */ = {isa = PBXFileReference; explicitFileType = wrapper.application; includeInIndex = 0; path = Weather.app; sourceTree = BUILT_PRODUCTS_DIR; };
		3AAB6E5227D94B4D00AFDF48 /* AppDelegate.swift */ = {isa = PBXFileReference; lastKnownFileType = sourcecode.swift; path = AppDelegate.swift; sourceTree = "<group>"; };
		3AAB6E5627D94B4D00AFDF48 /* CityListViewController.swift */ = {isa = PBXFileReference; lastKnownFileType = sourcecode.swift; path = CityListViewController.swift; sourceTree = "<group>"; };
		3AAB6E5927D94B4D00AFDF48 /* Base */ = {isa = PBXFileReference; lastKnownFileType = file.storyboard; name = Base; path = Base.lproj/Main.storyboard; sourceTree = "<group>"; };
		3AAB6E5B27D94B5000AFDF48 /* Assets.xcassets */ = {isa = PBXFileReference; lastKnownFileType = folder.assetcatalog; path = Assets.xcassets; sourceTree = "<group>"; };
		3AAB6E5E27D94B5000AFDF48 /* Base */ = {isa = PBXFileReference; lastKnownFileType = file.storyboard; name = Base; path = Base.lproj/LaunchScreen.storyboard; sourceTree = "<group>"; };
		3AAB6E6027D94B5000AFDF48 /* Info.plist */ = {isa = PBXFileReference; lastKnownFileType = text.plist.xml; name = Info.plist; path = Weather/SupportingFiles/Info.plist; sourceTree = SOURCE_ROOT; };
		3AAB6E6C27D9548000AFDF48 /* CityListViewModel.swift */ = {isa = PBXFileReference; lastKnownFileType = sourcecode.swift; path = CityListViewModel.swift; sourceTree = "<group>"; };
		3AAB6E7827DA310500AFDF48 /* City.swift */ = {isa = PBXFileReference; lastKnownFileType = sourcecode.swift; path = City.swift; sourceTree = "<group>"; };
		3AAB6E7A27DA324100AFDF48 /* CityManager.swift */ = {isa = PBXFileReference; lastKnownFileType = sourcecode.swift; path = CityManager.swift; sourceTree = "<group>"; };
		3AAB6E7E27DA444800AFDF48 /* ErrorManager.swift */ = {isa = PBXFileReference; lastKnownFileType = sourcecode.swift; path = ErrorManager.swift; sourceTree = "<group>"; };
		3AAB6E8027DA48E100AFDF48 /* URLSession + Extension.swift */ = {isa = PBXFileReference; lastKnownFileType = sourcecode.swift; path = "URLSession + Extension.swift"; sourceTree = "<group>"; };
		3AAB6E8227DA4CB100AFDF48 /* Box.swift */ = {isa = PBXFileReference; lastKnownFileType = sourcecode.swift; path = Box.swift; sourceTree = "<group>"; };
		3AAB6E8427DA78D300AFDF48 /* WeatherManager.swift */ = {isa = PBXFileReference; lastKnownFileType = sourcecode.swift; path = WeatherManager.swift; sourceTree = "<group>"; };
		3AAB6E8627DA7A2000AFDF48 /* CityCell.swift */ = {isa = PBXFileReference; lastKnownFileType = sourcecode.swift; path = CityCell.swift; sourceTree = "<group>"; };
		3AAB6E8827DA84A500AFDF48 /* cityList.json */ = {isa = PBXFileReference; fileEncoding = 4; lastKnownFileType = text.json; path = cityList.json; sourceTree = "<group>"; };
		3AAB6E8A27DBAEC200AFDF48 /* CityCellViewModel.swift */ = {isa = PBXFileReference; lastKnownFileType = sourcecode.swift; path = CityCellViewModel.swift; sourceTree = "<group>"; };
		3AAB6E8C27DBF62B00AFDF48 /* SearchPlaceholder.swift */ = {isa = PBXFileReference; lastKnownFileType = sourcecode.swift; path = SearchPlaceholder.swift; sourceTree = "<group>"; };
		3AF2CC9C27DE7C8A006120CE /* DetailCoordinator.swift */ = {isa = PBXFileReference; lastKnownFileType = sourcecode.swift; path = DetailCoordinator.swift; sourceTree = "<group>"; };
/* End PBXFileReference section */

/* Begin PBXFrameworksBuildPhase section */
		3AAB6E4C27D94B4D00AFDF48 /* Frameworks */ = {
			isa = PBXFrameworksBuildPhase;
			buildActionMask = 2147483647;
			files = (
			);
			runOnlyForDeploymentPostprocessing = 0;
		};
/* End PBXFrameworksBuildPhase section */

/* Begin PBXGroup section */
		3A16304B27E0EE4300AC6CC8 /* Controllers */ = {
			isa = PBXGroup;
			children = (
				3A90217827DCCDCF0076C0B1 /* DetailViewController.swift */,
				3AAB6E5627D94B4D00AFDF48 /* CityListViewController.swift */,
			);
			path = Controllers;
			sourceTree = "<group>";
		};
		3A90217227DC95D30076C0B1 /* Boxing */ = {
			isa = PBXGroup;
			children = (
				3AAB6E8227DA4CB100AFDF48 /* Box.swift */,
			);
			path = Boxing;
			sourceTree = "<group>";
		};
		3A90217327DC96370076C0B1 /* Storyboards */ = {
			isa = PBXGroup;
			children = (
				3AAB6E5827D94B4D00AFDF48 /* Main.storyboard */,
				3AAB6E5D27D94B5000AFDF48 /* LaunchScreen.storyboard */,
			);
			path = Storyboards;
			sourceTree = "<group>";
		};
		3A90217E27DD29990076C0B1 /* Coordinators */ = {
			isa = PBXGroup;
			children = (
				3A90217F27DD29A50076C0B1 /* Protocols */,
				3A90218227DD2A300076C0B1 /* AppCoordinator.swift */,
				3A16304927E0DD2A00AC6CC8 /* CityCoordinator.swift */,
				3AF2CC9C27DE7C8A006120CE /* DetailCoordinator.swift */,
			);
			path = Coordinators;
			sourceTree = "<group>";
		};
		3A90217F27DD29A50076C0B1 /* Protocols */ = {
			isa = PBXGroup;
			children = (
				3A90218027DD29B50076C0B1 /* Coordinator.swift */,
			);
			path = Protocols;
			sourceTree = "<group>";
		};
		3A90218427DD2AD10076C0B1 /* Protocols */ = {
			isa = PBXGroup;
			children = (
				3A90218527DD2AF00076C0B1 /* Storyboardable.swift */,
			);
			path = Protocols;
			sourceTree = "<group>";
		};
		3AAB6E4627D94B4D00AFDF48 = {
			isa = PBXGroup;
			children = (
				3AAB6E5127D94B4D00AFDF48 /* Weather */,
				3AAB6E5027D94B4D00AFDF48 /* Products */,
			);
			sourceTree = "<group>";
		};
		3AAB6E5027D94B4D00AFDF48 /* Products */ = {
			isa = PBXGroup;
			children = (
				3AAB6E4F27D94B4D00AFDF48 /* Weather.app */,
			);
			name = Products;
			sourceTree = "<group>";
		};
		3AAB6E5127D94B4D00AFDF48 /* Weather */ = {
			isa = PBXGroup;
			children = (
				3A16304B27E0EE4300AC6CC8 /* Controllers */,
				3AAB6E6827D9535D00AFDF48 /* Models */,
				3AAB6E6B27D9547000AFDF48 /* ViewModels */,
				3AAB6E6627D9521200AFDF48 /* Views */,
				3A90217E27DD29990076C0B1 /* Coordinators */,
				3A90217227DC95D30076C0B1 /* Boxing */,
				3AAB6E7C27DA3DDE00AFDF48 /* Managers */,
				3AAB6E7327D9F9F800AFDF48 /* SupportingFiles */,
			);
			path = Weather;
			sourceTree = "<group>";
		};
		3AAB6E6627D9521200AFDF48 /* Views */ = {
			isa = PBXGroup;
			children = (
				3A90218427DD2AD10076C0B1 /* Protocols */,
				3A90217327DC96370076C0B1 /* Storyboards */,
				3AAB6E8627DA7A2000AFDF48 /* CityCell.swift */,
				3AAB6E8C27DBF62B00AFDF48 /* SearchPlaceholder.swift */,
				3A16305727E1709600AC6CC8 /* WeatherCell.swift */,
			);
			path = Views;
			sourceTree = "<group>";
		};
		3AAB6E6827D9535D00AFDF48 /* Models */ = {
			isa = PBXGroup;
			children = (
				3AAB6E7827DA310500AFDF48 /* City.swift */,
				3A90217627DCC2A90076C0B1 /* WeatherData.swift */,
				3A16305927E1815A00AC6CC8 /* CurrentWeather.swift */,
				3A16305527E1549600AC6CC8 /* TemperatureUnit.swift */,
			);
			path = Models;
			sourceTree = "<group>";
		};
		3AAB6E6B27D9547000AFDF48 /* ViewModels */ = {
			isa = PBXGroup;
			children = (
				3AAB6E6C27D9548000AFDF48 /* CityListViewModel.swift */,
				3AAB6E8A27DBAEC200AFDF48 /* CityCellViewModel.swift */,
				3A90217A27DD108C0076C0B1 /* WeatherCellViewModel.swift */,
				3A90217C27DD1CDC0076C0B1 /* WeatherViewModel.swift */,
			);
			path = ViewModels;
			sourceTree = "<group>";
		};
		3AAB6E7327D9F9F800AFDF48 /* SupportingFiles */ = {
			isa = PBXGroup;
			children = (
				3AAB6E8827DA84A500AFDF48 /* cityList.json */,
				3AAB6E6027D94B5000AFDF48 /* Info.plist */,
				3AAB6E5B27D94B5000AFDF48 /* Assets.xcassets */,
				3AAB6E5227D94B4D00AFDF48 /* AppDelegate.swift */,
			);
			path = SupportingFiles;
			sourceTree = "<group>";
		};
		3AAB6E7C27DA3DDE00AFDF48 /* Managers */ = {
			isa = PBXGroup;
			children = (
				3A90217427DCC2950076C0B1 /* Constants.swift */,
				3AAB6E7A27DA324100AFDF48 /* CityManager.swift */,
				3AAB6E8427DA78D300AFDF48 /* WeatherManager.swift */,
				3AAB6E7E27DA444800AFDF48 /* ErrorManager.swift */,
				3AAB6E8027DA48E100AFDF48 /* URLSession + Extension.swift */,
				3A16305327E13FEA00AC6CC8 /* StorageManager.swift */,
			);
			path = Managers;
			sourceTree = "<group>";
		};
/* End PBXGroup section */

/* Begin PBXNativeTarget section */
		3AAB6E4E27D94B4D00AFDF48 /* Weather */ = {
			isa = PBXNativeTarget;
			buildConfigurationList = 3AAB6E6327D94B5000AFDF48 /* Build configuration list for PBXNativeTarget "Weather" */;
			buildPhases = (
				3AAB6E4B27D94B4D00AFDF48 /* Sources */,
				3AAB6E4C27D94B4D00AFDF48 /* Frameworks */,
				3AAB6E4D27D94B4D00AFDF48 /* Resources */,
			);
			buildRules = (
			);
			dependencies = (
			);
			name = Weather;
			productName = Weather;
			productReference = 3AAB6E4F27D94B4D00AFDF48 /* Weather.app */;
			productType = "com.apple.product-type.application";
		};
/* End PBXNativeTarget section */

/* Begin PBXProject section */
		3AAB6E4727D94B4D00AFDF48 /* Project object */ = {
			isa = PBXProject;
			attributes = {
				BuildIndependentTargetsInParallel = 1;
				LastSwiftUpdateCheck = 1310;
				LastUpgradeCheck = 1310;
				TargetAttributes = {
					3AAB6E4E27D94B4D00AFDF48 = {
						CreatedOnToolsVersion = 13.1;
					};
				};
			};
			buildConfigurationList = 3AAB6E4A27D94B4D00AFDF48 /* Build configuration list for PBXProject "Weather" */;
			compatibilityVersion = "Xcode 13.0";
			developmentRegion = en;
			hasScannedForEncodings = 0;
			knownRegions = (
				en,
				Base,
			);
			mainGroup = 3AAB6E4627D94B4D00AFDF48;
			productRefGroup = 3AAB6E5027D94B4D00AFDF48 /* Products */;
			projectDirPath = "";
			projectRoot = "";
			targets = (
				3AAB6E4E27D94B4D00AFDF48 /* Weather */,
			);
		};
/* End PBXProject section */

/* Begin PBXResourcesBuildPhase section */
		3AAB6E4D27D94B4D00AFDF48 /* Resources */ = {
			isa = PBXResourcesBuildPhase;
			buildActionMask = 2147483647;
			files = (
				3AAB6E5F27D94B5000AFDF48 /* LaunchScreen.storyboard in Resources */,
				3AAB6E5C27D94B5000AFDF48 /* Assets.xcassets in Resources */,
				3AAB6E8927DA84A600AFDF48 /* cityList.json in Resources */,
				3AAB6E5A27D94B4D00AFDF48 /* Main.storyboard in Resources */,
			);
			runOnlyForDeploymentPostprocessing = 0;
		};
/* End PBXResourcesBuildPhase section */

/* Begin PBXSourcesBuildPhase section */
		3AAB6E4B27D94B4D00AFDF48 /* Sources */ = {
			isa = PBXSourcesBuildPhase;
			buildActionMask = 2147483647;
			files = (
				3AF2CC9D27DE7C8A006120CE /* DetailCoordinator.swift in Sources */,
				3AAB6E6D27D9548000AFDF48 /* CityListViewModel.swift in Sources */,
				3A90217D27DD1CDD0076C0B1 /* WeatherViewModel.swift in Sources */,
				3A90218627DD2AF00076C0B1 /* Storyboardable.swift in Sources */,
				3AAB6E8B27DBAEC200AFDF48 /* CityCellViewModel.swift in Sources */,
				3AAB6E5727D94B4D00AFDF48 /* CityListViewController.swift in Sources */,
				3A16305627E1549600AC6CC8 /* TemperatureUnit.swift in Sources */,
				3AAB6E8D27DBF62B00AFDF48 /* SearchPlaceholder.swift in Sources */,
				3A16305A27E1815A00AC6CC8 /* CurrentWeather.swift in Sources */,
				3A16304A27E0DD2A00AC6CC8 /* CityCoordinator.swift in Sources */,
				3AAB6E7927DA310500AFDF48 /* City.swift in Sources */,
				3A90217527DCC2950076C0B1 /* Constants.swift in Sources */,
				3AAB6E8527DA78D300AFDF48 /* WeatherManager.swift in Sources */,
				3A90218127DD29B50076C0B1 /* Coordinator.swift in Sources */,
				3A16305427E13FEA00AC6CC8 /* StorageManager.swift in Sources */,
				3A90217927DCCDCF0076C0B1 /* DetailViewController.swift in Sources */,
				3AAB6E7F27DA444800AFDF48 /* ErrorManager.swift in Sources */,
				3A90217727DCC2A90076C0B1 /* WeatherData.swift in Sources */,
				3AAB6E5327D94B4D00AFDF48 /* AppDelegate.swift in Sources */,
				3A90217B27DD108C0076C0B1 /* WeatherCellViewModel.swift in Sources */,
				3AAB6E8127DA48E100AFDF48 /* URLSession + Extension.swift in Sources */,
				3A90218327DD2A300076C0B1 /* AppCoordinator.swift in Sources */,
				3AAB6E8327DA4CB100AFDF48 /* Box.swift in Sources */,
				3A16305827E1709600AC6CC8 /* WeatherCell.swift in Sources */,
				3AAB6E7B27DA324100AFDF48 /* CityManager.swift in Sources */,
				3AAB6E8727DA7A2000AFDF48 /* CityCell.swift in Sources */,
			);
			runOnlyForDeploymentPostprocessing = 0;
		};
/* End PBXSourcesBuildPhase section */

/* Begin PBXVariantGroup section */
		3AAB6E5827D94B4D00AFDF48 /* Main.storyboard */ = {
			isa = PBXVariantGroup;
			children = (
				3AAB6E5927D94B4D00AFDF48 /* Base */,
			);
			name = Main.storyboard;
			sourceTree = "<group>";
		};
		3AAB6E5D27D94B5000AFDF48 /* LaunchScreen.storyboard */ = {
			isa = PBXVariantGroup;
			children = (
				3AAB6E5E27D94B5000AFDF48 /* Base */,
			);
			name = LaunchScreen.storyboard;
			sourceTree = "<group>";
		};
/* End PBXVariantGroup section */

/* Begin XCBuildConfiguration section */
		3AAB6E6127D94B5000AFDF48 /* Debug */ = {
			isa = XCBuildConfiguration;
			buildSettings = {
				ALWAYS_SEARCH_USER_PATHS = NO;
				CLANG_ANALYZER_NONNULL = YES;
				CLANG_ANALYZER_NUMBER_OBJECT_CONVERSION = YES_AGGRESSIVE;
				CLANG_CXX_LANGUAGE_STANDARD = "gnu++17";
				CLANG_CXX_LIBRARY = "libc++";
				CLANG_ENABLE_MODULES = YES;
				CLANG_ENABLE_OBJC_ARC = YES;
				CLANG_ENABLE_OBJC_WEAK = YES;
				CLANG_WARN_BLOCK_CAPTURE_AUTORELEASING = YES;
				CLANG_WARN_BOOL_CONVERSION = YES;
				CLANG_WARN_COMMA = YES;
				CLANG_WARN_CONSTANT_CONVERSION = YES;
				CLANG_WARN_DEPRECATED_OBJC_IMPLEMENTATIONS = YES;
				CLANG_WARN_DIRECT_OBJC_ISA_USAGE = YES_ERROR;
				CLANG_WARN_DOCUMENTATION_COMMENTS = YES;
				CLANG_WARN_EMPTY_BODY = YES;
				CLANG_WARN_ENUM_CONVERSION = YES;
				CLANG_WARN_INFINITE_RECURSION = YES;
				CLANG_WARN_INT_CONVERSION = YES;
				CLANG_WARN_NON_LITERAL_NULL_CONVERSION = YES;
				CLANG_WARN_OBJC_IMPLICIT_RETAIN_SELF = YES;
				CLANG_WARN_OBJC_LITERAL_CONVERSION = YES;
				CLANG_WARN_OBJC_ROOT_CLASS = YES_ERROR;
				CLANG_WARN_QUOTED_INCLUDE_IN_FRAMEWORK_HEADER = YES;
				CLANG_WARN_RANGE_LOOP_ANALYSIS = YES;
				CLANG_WARN_STRICT_PROTOTYPES = YES;
				CLANG_WARN_SUSPICIOUS_MOVE = YES;
				CLANG_WARN_UNGUARDED_AVAILABILITY = YES_AGGRESSIVE;
				CLANG_WARN_UNREACHABLE_CODE = YES;
				CLANG_WARN__DUPLICATE_METHOD_MATCH = YES;
				COPY_PHASE_STRIP = NO;
				DEBUG_INFORMATION_FORMAT = dwarf;
				ENABLE_STRICT_OBJC_MSGSEND = YES;
				ENABLE_TESTABILITY = YES;
				GCC_C_LANGUAGE_STANDARD = gnu11;
				GCC_DYNAMIC_NO_PIC = NO;
				GCC_NO_COMMON_BLOCKS = YES;
				GCC_OPTIMIZATION_LEVEL = 0;
				GCC_PREPROCESSOR_DEFINITIONS = (
					"DEBUG=1",
					"$(inherited)",
				);
				GCC_WARN_64_TO_32_BIT_CONVERSION = YES;
				GCC_WARN_ABOUT_RETURN_TYPE = YES_ERROR;
				GCC_WARN_UNDECLARED_SELECTOR = YES;
				GCC_WARN_UNINITIALIZED_AUTOS = YES_AGGRESSIVE;
				GCC_WARN_UNUSED_FUNCTION = YES;
				GCC_WARN_UNUSED_VARIABLE = YES;
				IPHONEOS_DEPLOYMENT_TARGET = 15.0;
				MTL_ENABLE_DEBUG_INFO = INCLUDE_SOURCE;
				MTL_FAST_MATH = YES;
				ONLY_ACTIVE_ARCH = YES;
				SDKROOT = iphoneos;
				SWIFT_ACTIVE_COMPILATION_CONDITIONS = DEBUG;
				SWIFT_OPTIMIZATION_LEVEL = "-Onone";
			};
			name = Debug;
		};
		3AAB6E6227D94B5000AFDF48 /* Release */ = {
			isa = XCBuildConfiguration;
			buildSettings = {
				ALWAYS_SEARCH_USER_PATHS = NO;
				CLANG_ANALYZER_NONNULL = YES;
				CLANG_ANALYZER_NUMBER_OBJECT_CONVERSION = YES_AGGRESSIVE;
				CLANG_CXX_LANGUAGE_STANDARD = "gnu++17";
				CLANG_CXX_LIBRARY = "libc++";
				CLANG_ENABLE_MODULES = YES;
				CLANG_ENABLE_OBJC_ARC = YES;
				CLANG_ENABLE_OBJC_WEAK = YES;
				CLANG_WARN_BLOCK_CAPTURE_AUTORELEASING = YES;
				CLANG_WARN_BOOL_CONVERSION = YES;
				CLANG_WARN_COMMA = YES;
				CLANG_WARN_CONSTANT_CONVERSION = YES;
				CLANG_WARN_DEPRECATED_OBJC_IMPLEMENTATIONS = YES;
				CLANG_WARN_DIRECT_OBJC_ISA_USAGE = YES_ERROR;
				CLANG_WARN_DOCUMENTATION_COMMENTS = YES;
				CLANG_WARN_EMPTY_BODY = YES;
				CLANG_WARN_ENUM_CONVERSION = YES;
				CLANG_WARN_INFINITE_RECURSION = YES;
				CLANG_WARN_INT_CONVERSION = YES;
				CLANG_WARN_NON_LITERAL_NULL_CONVERSION = YES;
				CLANG_WARN_OBJC_IMPLICIT_RETAIN_SELF = YES;
				CLANG_WARN_OBJC_LITERAL_CONVERSION = YES;
				CLANG_WARN_OBJC_ROOT_CLASS = YES_ERROR;
				CLANG_WARN_QUOTED_INCLUDE_IN_FRAMEWORK_HEADER = YES;
				CLANG_WARN_RANGE_LOOP_ANALYSIS = YES;
				CLANG_WARN_STRICT_PROTOTYPES = YES;
				CLANG_WARN_SUSPICIOUS_MOVE = YES;
				CLANG_WARN_UNGUARDED_AVAILABILITY = YES_AGGRESSIVE;
				CLANG_WARN_UNREACHABLE_CODE = YES;
				CLANG_WARN__DUPLICATE_METHOD_MATCH = YES;
				COPY_PHASE_STRIP = NO;
				DEBUG_INFORMATION_FORMAT = "dwarf-with-dsym";
				ENABLE_NS_ASSERTIONS = NO;
				ENABLE_STRICT_OBJC_MSGSEND = YES;
				GCC_C_LANGUAGE_STANDARD = gnu11;
				GCC_NO_COMMON_BLOCKS = YES;
				GCC_WARN_64_TO_32_BIT_CONVERSION = YES;
				GCC_WARN_ABOUT_RETURN_TYPE = YES_ERROR;
				GCC_WARN_UNDECLARED_SELECTOR = YES;
				GCC_WARN_UNINITIALIZED_AUTOS = YES_AGGRESSIVE;
				GCC_WARN_UNUSED_FUNCTION = YES;
				GCC_WARN_UNUSED_VARIABLE = YES;
				IPHONEOS_DEPLOYMENT_TARGET = 15.0;
				MTL_ENABLE_DEBUG_INFO = NO;
				MTL_FAST_MATH = YES;
				SDKROOT = iphoneos;
				SWIFT_COMPILATION_MODE = wholemodule;
				SWIFT_OPTIMIZATION_LEVEL = "-O";
				VALIDATE_PRODUCT = YES;
			};
			name = Release;
		};
		3AAB6E6427D94B5000AFDF48 /* Debug */ = {
			isa = XCBuildConfiguration;
			buildSettings = {
				ASSETCATALOG_COMPILER_APPICON_NAME = AppIcon;
				ASSETCATALOG_COMPILER_GLOBAL_ACCENT_COLOR_NAME = AccentColor;
				CODE_SIGN_STYLE = Automatic;
				CURRENT_PROJECT_VERSION = 1;
				DEVELOPMENT_TEAM = DUVXKH7434;
				GENERATE_INFOPLIST_FILE = YES;
				INFOPLIST_FILE = Weather/SupportingFiles/Info.plist;
				INFOPLIST_KEY_UIApplicationSupportsIndirectInputEvents = YES;
				INFOPLIST_KEY_UILaunchStoryboardName = LaunchScreen;
				INFOPLIST_KEY_UIMainStoryboardFile = Main;
				INFOPLIST_KEY_UISupportedInterfaceOrientations_iPad = "UIInterfaceOrientationPortrait UIInterfaceOrientationPortraitUpsideDown UIInterfaceOrientationLandscapeLeft UIInterfaceOrientationLandscapeRight";
				INFOPLIST_KEY_UISupportedInterfaceOrientations_iPhone = "UIInterfaceOrientationPortrait UIInterfaceOrientationLandscapeLeft UIInterfaceOrientationLandscapeRight";
				LD_RUNPATH_SEARCH_PATHS = (
					"$(inherited)",
					"@executable_path/Frameworks",
				);
				MARKETING_VERSION = 1.0;
				PRODUCT_BUNDLE_IDENTIFIER = cut.Weather;
				PRODUCT_NAME = "$(TARGET_NAME)";
				SWIFT_EMIT_LOC_STRINGS = YES;
				SWIFT_VERSION = 5.0;
				TARGETED_DEVICE_FAMILY = "1,2";
			};
			name = Debug;
		};
		3AAB6E6527D94B5000AFDF48 /* Release */ = {
			isa = XCBuildConfiguration;
			buildSettings = {
				ASSETCATALOG_COMPILER_APPICON_NAME = AppIcon;
				ASSETCATALOG_COMPILER_GLOBAL_ACCENT_COLOR_NAME = AccentColor;
				CODE_SIGN_STYLE = Automatic;
				CURRENT_PROJECT_VERSION = 1;
				DEVELOPMENT_TEAM = DUVXKH7434;
				GENERATE_INFOPLIST_FILE = YES;
				INFOPLIST_FILE = Weather/SupportingFiles/Info.plist;
				INFOPLIST_KEY_UIApplicationSupportsIndirectInputEvents = YES;
				INFOPLIST_KEY_UILaunchStoryboardName = LaunchScreen;
				INFOPLIST_KEY_UIMainStoryboardFile = Main;
				INFOPLIST_KEY_UISupportedInterfaceOrientations_iPad = "UIInterfaceOrientationPortrait UIInterfaceOrientationPortraitUpsideDown UIInterfaceOrientationLandscapeLeft UIInterfaceOrientationLandscapeRight";
				INFOPLIST_KEY_UISupportedInterfaceOrientations_iPhone = "UIInterfaceOrientationPortrait UIInterfaceOrientationLandscapeLeft UIInterfaceOrientationLandscapeRight";
				LD_RUNPATH_SEARCH_PATHS = (
					"$(inherited)",
					"@executable_path/Frameworks",
				);
				MARKETING_VERSION = 1.0;
				PRODUCT_BUNDLE_IDENTIFIER = cut.Weather;
				PRODUCT_NAME = "$(TARGET_NAME)";
				SWIFT_EMIT_LOC_STRINGS = YES;
				SWIFT_VERSION = 5.0;
				TARGETED_DEVICE_FAMILY = "1,2";
			};
			name = Release;
		};
/* End XCBuildConfiguration section */

/* Begin XCConfigurationList section */
		3AAB6E4A27D94B4D00AFDF48 /* Build configuration list for PBXProject "Weather" */ = {
			isa = XCConfigurationList;
			buildConfigurations = (
				3AAB6E6127D94B5000AFDF48 /* Debug */,
				3AAB6E6227D94B5000AFDF48 /* Release */,
			);
			defaultConfigurationIsVisible = 0;
			defaultConfigurationName = Release;
		};
		3AAB6E6327D94B5000AFDF48 /* Build configuration list for PBXNativeTarget "Weather" */ = {
			isa = XCConfigurationList;
			buildConfigurations = (
				3AAB6E6427D94B5000AFDF48 /* Debug */,
				3AAB6E6527D94B5000AFDF48 /* Release */,
			);
			defaultConfigurationIsVisible = 0;
			defaultConfigurationName = Release;
		};
/* End XCConfigurationList section */
	};
	rootObject = 3AAB6E4727D94B4D00AFDF48 /* Project object */;
}
